{
  "name": "robot",
  "version": "1.0.0",
  "lockfileVersion": 3,
  "requires": true,
  "packages": {
    "": {
      "name": "robot",
      "version": "1.0.0",
      "license": "ISC",
      "dependencies": {
        "indicatorts": "^2.2.2",
        "moving-averages": "^4.0.6",
        "trading-signals": "^6.2.0"
      }
    },
    "node_modules/@types/big.js": {
      "version": "6.2.2",
      "resolved": "https://registry.npmjs.org/@types/big.js/-/big.js-6.2.2.tgz",
      "integrity": "sha512-e2cOW9YlVzFY2iScnGBBkplKsrn2CsObHQ2Hiw4V1sSyiGbgWL8IyqE3zFi1Pt5o1pdAtYkDAIsF3KKUPjdzaA==",
      "license": "MIT"
    },
    "node_modules/big.js": {
      "version": "6.2.2",
      "resolved": "https://registry.npmjs.org/big.js/-/big.js-6.2.2.tgz",
      "integrity": "sha512-y/ie+Faknx7sZA5MfGA2xKlu0GDv8RWrXGsmlteyJQ2lvoKv9GBK/fpRMc2qlSoBAgNxrixICFCBefIq8WCQpQ==",
      "license": "MIT",
      "engines": {
        "node": "*"
      },
      "funding": {
        "type": "opencollective",
        "url": "https://opencollective.com/bigjs"
      }
    },
    "node_modules/indicatorts": {
      "version": "2.2.2",
      "resolved": "https://registry.npmjs.org/indicatorts/-/indicatorts-2.2.2.tgz",
      "integrity": "sha512-oJRe83n2zj826Mlp2RKQVfurqbq5dEHzAWgZidiYkS0mrx3GCbXlNj59YtwZvekRmNwi/d4NdeHGHd8Nspl6Xg==",
      "license": "MIT"
    },
    "node_modules/moving-averages": {
      "version": "4.0.6",
      "resolved": "https://registry.npmjs.org/moving-averages/-/moving-averages-4.0.6.tgz",
      "integrity": "sha512-Jv+mH0emTFP40Q5ONsBqTfIO9NuUyK9zuW4pWbOzWJm8jEqpLBtAH2CnE2MFIuH/G9f9nDugmnDVUJaHx9jckw==",
      "license": "MIT",
      "engines": {
        "node": ">=4.0.0"
      }
    },
    "node_modules/trading-signals": {
      "version": "6.2.0",
      "resolved": "https://registry.npmjs.org/trading-signals/-/trading-signals-6.2.0.tgz",
      "integrity": "sha512-YozQp9UNhKg8b1LD1jyREUnOPX+ZbOJs8h79b4kRYOCmMyoByAefjpU6U15KH1Mjgz0kLakFK3H+SbRoxDf2JQ==",
      "license": "MIT",
      "dependencies": {
        "@types/big.js": "^6.2.0",
        "big.js": "^6.2.1"
      }
    }
  }
}
